
Microsoft Visual Studio Solution File, Format Version 12.00
# Visual Studio Version 16
VisualStudioVersion = 16.0.30503.244
MinimumVisualStudioVersion = 10.0.40219.1
Project("{FAE04EC0-301F-11D3-BF4B-00C04F79EFBC}") = "Aplikasi Pemesanan Tiket", "Aplikasi Pemesanan Tiket.csproj", "{7769D344-B81B-49BD-ACDD-EC610448CE10}"
EndProject
Project("{2150E333-8FDC-42A3-9474-1A3956D46DE8}") = "Solution Items", "Solution Items", "{98048F93-19DD-436D-8B69-E76B3E71BEFB}"
EndProject
Project("{54435603-DBB4-11D2-8724-00A0C9A8B90C}") = "APLIKASI E-TIKET KONSER", "..\APLIKASI E-TIKET KONSER\APLIKASI E-TIKET KONSER.vdproj", "{E5DACE71-E41D-4FE2-B393-B4C43BEB0091}"
EndProject
Global
	GlobalSection(SolutionConfigurationPlatforms) = preSolution
		Debug|Any CPU = Debug|Any CPU
		Release|Any CPU = Release|Any CPU
	EndGlobalSection
	GlobalSection(ProjectConfigurationPlatforms) = postSolution
		{7769D344-B81B-49BD-ACDD-EC610448CE10}.Debug|Any CPU.ActiveCfg = Debug|Any CPU
		{7769D344-B81B-49BD-ACDD-EC610448CE10}.Release|Any CPU.ActiveCfg = Release|Any CPU
		{7769D344-B81B-49BD-ACDD-EC610448CE10}.Release|Any CPU.Build.0 = Release|Any CPU
		{E5DACE71-E41D-4FE2-B393-B4C43BEB0091}.Debug|Any CPU.ActiveCfg = Release
		{E5DACE71-E41D-4FE2-B393-B4C43BEB0091}.Debug|Any CPU.Build.0 = Release
		{E5DACE71-E41D-4FE2-B393-B4C43BEB0091}.Release|Any CPU.ActiveCfg = Release
	EndGlobalSection
	GlobalSection(SolutionProperties) = preSolution
		HideSolutionNode = FALSE
	EndGlobalSection
	GlobalSection(ExtensibilityGlobals) = postSolution
		SolutionGuid = {E8468498-E50B-4B04-9AA7-6BE8E383A95C}
	EndGlobalSection
EndGlobal
